
Microsoft Visual Studio Solution File, Format Version 12.00
# Visual Studio Version 17
VisualStudioVersion = 17.5.33530.505
MinimumVisualStudioVersion = 10.0.40219.1
Project("{FAE04EC0-301F-11D3-BF4B-00C04F79EFBC}") = "appDapper", "appDapper.csproj", "{C1E7C51D-B1BE-416A-AB75-37858E9D400C}"
EndProject
Global
	GlobalSection(SolutionConfigurationPlatforms) = preSolution
		Debug|Any CPU = Debug|Any CPU
		Release|Any CPU = Release|Any CPU
	EndGlobalSection
	GlobalSection(ProjectConfigurationPlatforms) = postSolution
		{C1E7C51D-B1BE-416A-AB75-37858E9D400C}.Debug|Any CPU.ActiveCfg = Debug|Any CPU
		{C1E7C51D-B1BE-416A-AB75-37858E9D400C}.Debug|Any CPU.Build.0 = Debug|Any CPU
		{C1E7C51D-B1BE-416A-AB75-37858E9D400C}.Release|Any CPU.ActiveCfg = Release|Any CPU
		{C1E7C51D-B1BE-416A-AB75-37858E9D400C}.Release|Any CPU.Build.0 = Release|Any CPU
	EndGlobalSection
	GlobalSection(SolutionProperties) = preSolution
		HideSolutionNode = FALSE
	EndGlobalSection
	GlobalSection(ExtensibilityGlobals) = postSolution
		SolutionGuid = {70614584-D753-4DA0-995C-1297745617CD}
	EndGlobalSection
EndGlobal
